
Microsoft Visual Studio Solution File, Format Version 12.00
# Visual Studio Version 16
VisualStudioVersion = 16.0.32228.343
MinimumVisualStudioVersion = 10.0.40219.1
Project("{FAE04EC0-301F-11D3-BF4B-00C04F79EFBC}") = "CICDMvcDemo", "CICDMvcDemo.csproj", "{3425B309-C7F2-4C74-AE37-AEEAC8A35324}"
EndProject
Global
	GlobalSection(SolutionConfigurationPlatforms) = preSolution
		Debug|Any CPU = Debug|Any CPU
		Release|Any CPU = Release|Any CPU
	EndGlobalSection
	GlobalSection(ProjectConfigurationPlatforms) = postSolution
		{3425B309-C7F2-4C74-AE37-AEEAC8A35324}.Debug|Any CPU.ActiveCfg = Debug|Any CPU
		{3425B309-C7F2-4C74-AE37-AEEAC8A35324}.Debug|Any CPU.Build.0 = Debug|Any CPU
		{3425B309-C7F2-4C74-AE37-AEEAC8A35324}.Release|Any CPU.ActiveCfg = Release|Any CPU
		{3425B309-C7F2-4C74-AE37-AEEAC8A35324}.Release|Any CPU.Build.0 = Release|Any CPU
	EndGlobalSection
	GlobalSection(SolutionProperties) = preSolution
		HideSolutionNode = FALSE
	EndGlobalSection
	GlobalSection(ExtensibilityGlobals) = postSolution
		SolutionGuid = {FF5E636F-7681-461D-B716-D168A498EC85}
	EndGlobalSection
EndGlobal
